
Microsoft Visual Studio Solution File, Format Version 12.00
# Visual Studio Version 16
VisualStudioVersion = 16.0.30523.141
MinimumVisualStudioVersion = 10.0.40219.1
Project("{00D1A9C2-B5F0-4AF3-8072-F6C62B433612}") = "SQLDemo", "SQLDemo\SQLDemo.sqlproj", "{EA1CBB0D-1373-4F09-B85F-AD8C77C2CEF2}"
EndProject
Project("{00D1A9C2-B5F0-4AF3-8072-F6C62B433612}") = "SQLDemo_Test", "SQLDemo_Test\SQLDemo_Test.sqlproj", "{3BAED4CB-B68E-4425-A08D-CF190AE112D6}"
EndProject
Global
	GlobalSection(SolutionConfigurationPlatforms) = preSolution
		Debug|Any CPU = Debug|Any CPU
		Release|Any CPU = Release|Any CPU
	EndGlobalSection
	GlobalSection(ProjectConfigurationPlatforms) = postSolution
		{EA1CBB0D-1373-4F09-B85F-AD8C77C2CEF2}.Debug|Any CPU.ActiveCfg = Debug|Any CPU
		{EA1CBB0D-1373-4F09-B85F-AD8C77C2CEF2}.Debug|Any CPU.Build.0 = Debug|Any CPU
		{EA1CBB0D-1373-4F09-B85F-AD8C77C2CEF2}.Debug|Any CPU.Deploy.0 = Debug|Any CPU
		{EA1CBB0D-1373-4F09-B85F-AD8C77C2CEF2}.Release|Any CPU.ActiveCfg = Release|Any CPU
		{EA1CBB0D-1373-4F09-B85F-AD8C77C2CEF2}.Release|Any CPU.Build.0 = Release|Any CPU
		{EA1CBB0D-1373-4F09-B85F-AD8C77C2CEF2}.Release|Any CPU.Deploy.0 = Release|Any CPU
		{3BAED4CB-B68E-4425-A08D-CF190AE112D6}.Debug|Any CPU.ActiveCfg = Debug|Any CPU
		{3BAED4CB-B68E-4425-A08D-CF190AE112D6}.Debug|Any CPU.Build.0 = Debug|Any CPU
		{3BAED4CB-B68E-4425-A08D-CF190AE112D6}.Debug|Any CPU.Deploy.0 = Debug|Any CPU
		{3BAED4CB-B68E-4425-A08D-CF190AE112D6}.Release|Any CPU.ActiveCfg = Release|Any CPU
		{3BAED4CB-B68E-4425-A08D-CF190AE112D6}.Release|Any CPU.Build.0 = Release|Any CPU
		{3BAED4CB-B68E-4425-A08D-CF190AE112D6}.Release|Any CPU.Deploy.0 = Release|Any CPU
	EndGlobalSection
	GlobalSection(SolutionProperties) = preSolution
		HideSolutionNode = FALSE
	EndGlobalSection
	GlobalSection(ExtensibilityGlobals) = postSolution
		SolutionGuid = {89E68BC3-1CC3-4C96-81E5-1F1A7B63DC24}
	EndGlobalSection
EndGlobal
